
Microsoft Visual Studio Solution File, Format Version 12.00
# Visual Studio 14
VisualStudioVersion = 14.0.24720.0
MinimumVisualStudioVersion = 10.0.40219.1
Project("{FAE04EC0-301F-11D3-BF4B-00C04F79EFBC}") = "PropertyManager.Api", "PropertyManager.Api\PropertyManager.Api.csproj", "{B76C6AA5-652A-4564-AA9C-C3B8688361D6}"
EndProject
Project("{E24C65DC-7377-472B-9ABA-BC803B73C61A}") = "PropertyManager.Web", "PropertyManager.Web\", "{A1D7530B-689D-4B76-9C60-1DA022F85554}"
	ProjectSection(WebsiteProperties) = preProject
		TargetFrameworkMoniker = ".NETFramework,Version%3Dv4.5.2"
		Debug.AspNetCompiler.VirtualPath = "/localhost_57505"
		Debug.AspNetCompiler.PhysicalPath = "PropertyManager.Web\"
		Debug.AspNetCompiler.TargetPath = "PrecompiledWeb\localhost_57505\"
		Debug.AspNetCompiler.Updateable = "true"
		Debug.AspNetCompiler.ForceOverwrite = "true"
		Debug.AspNetCompiler.FixedNames = "false"
		Debug.AspNetCompiler.Debug = "True"
		Release.AspNetCompiler.VirtualPath = "/localhost_57505"
		Release.AspNetCompiler.PhysicalPath = "PropertyManager.Web\"
		Release.AspNetCompiler.TargetPath = "PrecompiledWeb\localhost_57505\"
		Release.AspNetCompiler.Updateable = "true"
		Release.AspNetCompiler.ForceOverwrite = "true"
		Release.AspNetCompiler.FixedNames = "false"
		Release.AspNetCompiler.Debug = "False"
		VWDPort = "57505"
		SlnRelativePath = "PropertyManager.Web\"
		DefaultWebSiteLanguage = "Visual C#"
	EndProjectSection
EndProject
Global
	GlobalSection(SolutionConfigurationPlatforms) = preSolution
		Debug|Any CPU = Debug|Any CPU
		Release|Any CPU = Release|Any CPU
	EndGlobalSection
	GlobalSection(ProjectConfigurationPlatforms) = postSolution
		{B76C6AA5-652A-4564-AA9C-C3B8688361D6}.Debug|Any CPU.ActiveCfg = Debug|Any CPU
		{B76C6AA5-652A-4564-AA9C-C3B8688361D6}.Debug|Any CPU.Build.0 = Debug|Any CPU
		{B76C6AA5-652A-4564-AA9C-C3B8688361D6}.Release|Any CPU.ActiveCfg = Release|Any CPU
		{B76C6AA5-652A-4564-AA9C-C3B8688361D6}.Release|Any CPU.Build.0 = Release|Any CPU
		{A1D7530B-689D-4B76-9C60-1DA022F85554}.Debug|Any CPU.ActiveCfg = Debug|Any CPU
		{A1D7530B-689D-4B76-9C60-1DA022F85554}.Debug|Any CPU.Build.0 = Debug|Any CPU
		{A1D7530B-689D-4B76-9C60-1DA022F85554}.Release|Any CPU.ActiveCfg = Debug|Any CPU
		{A1D7530B-689D-4B76-9C60-1DA022F85554}.Release|Any CPU.Build.0 = Debug|Any CPU
	EndGlobalSection
	GlobalSection(SolutionProperties) = preSolution
		HideSolutionNode = FALSE
	EndGlobalSection
EndGlobal
